
Microsoft Visual Studio Solution File, Format Version 12.00
# Visual Studio Version 17
VisualStudioVersion = 17.9.34701.34
MinimumVisualStudioVersion = 10.0.40219.1
Project("{9A19103F-16F7-4668-BE54-9A1E7A4F7556}") = "AppearanceDetector", "AppearanceDetector.csproj", "{DAE44251-3E17-4B88-8B1C-8F380DF4F91E}"
EndProject
Project("{54435603-DBB4-11D2-8724-00A0C9A8B90C}") = "AppearanceDetectorInstaller", "AppearanceDetectorInstaller\AppearanceDetectorInstaller.vdproj", "{681672E0-0523-4B0A-853D-3C728C6EC79F}"
EndProject
Global
	GlobalSection(SolutionConfigurationPlatforms) = preSolution
		Debug|Any CPU = Debug|Any CPU
		Release|Any CPU = Release|Any CPU
	EndGlobalSection
	GlobalSection(ProjectConfigurationPlatforms) = postSolution
		{DAE44251-3E17-4B88-8B1C-8F380DF4F91E}.Debug|Any CPU.ActiveCfg = Debug|Any CPU
		{DAE44251-3E17-4B88-8B1C-8F380DF4F91E}.Debug|Any CPU.Build.0 = Debug|Any CPU
		{DAE44251-3E17-4B88-8B1C-8F380DF4F91E}.Release|Any CPU.ActiveCfg = Release|Any CPU
		{DAE44251-3E17-4B88-8B1C-8F380DF4F91E}.Release|Any CPU.Build.0 = Release|Any CPU
		{681672E0-0523-4B0A-853D-3C728C6EC79F}.Debug|Any CPU.ActiveCfg = Debug
		{681672E0-0523-4B0A-853D-3C728C6EC79F}.Release|Any CPU.ActiveCfg = Release
	EndGlobalSection
	GlobalSection(SolutionProperties) = preSolution
		HideSolutionNode = FALSE
	EndGlobalSection
	GlobalSection(ExtensibilityGlobals) = postSolution
		SolutionGuid = {DADDF5AE-E933-4C43-9C2A-3617BD38AA1B}
	EndGlobalSection
EndGlobal
